// !$*UTF8*$!
{
	archiveVersion = 1;
	classes = {
	};
	objectVersion = 56;
	objects = {

/* Begin PBXBuildFile section */
		2724DA4E2A1F52E900A9E1D7 /* RTCurrencyItemView.swift in Sources */ = {isa = PBXBuildFile; fileRef = 2724DA4D2A1F52E900A9E1D7 /* RTCurrencyItemView.swift */; };
		2725CEEE2A1383660003E02E /* PriceWatchApp.swift in Sources */ = {isa = PBXBuildFile; fileRef = 2725CEED2A1383660003E02E /* PriceWatchApp.swift */; };
		2725CEF02A1383660003E02E /* MainView.swift in Sources */ = {isa = PBXBuildFile; fileRef = 2725CEEF2A1383660003E02E /* MainView.swift */; };
		2725CEF22A1383670003E02E /* Assets.xcassets in Resources */ = {isa = PBXBuildFile; fileRef = 2725CEF12A1383670003E02E /* Assets.xcassets */; };
		2725CEF52A1383670003E02E /* Preview Assets.xcassets in Resources */ = {isa = PBXBuildFile; fileRef = 2725CEF42A1383670003E02E /* Preview Assets.xcassets */; };
		2725CEFD2A138BA80003E02E /* SwiftSoup in Frameworks */ = {isa = PBXBuildFile; productRef = 2725CEFC2A138BA80003E02E /* SwiftSoup */; };
		2725CEFF2A1494310003E02E /* DataModel.swift in Sources */ = {isa = PBXBuildFile; fileRef = 2725CEFE2A1494310003E02E /* DataModel.swift */; };
		2725CF012A1494780003E02E /* Service.swift in Sources */ = {isa = PBXBuildFile; fileRef = 2725CF002A1494780003E02E /* Service.swift */; };
		2725CF042A1495360003E02E /* Constant.swift in Sources */ = {isa = PBXBuildFile; fileRef = 2725CF032A1495360003E02E /* Constant.swift */; };
		2725CF062A1495CD0003E02E /* Util.swift in Sources */ = {isa = PBXBuildFile; fileRef = 2725CF052A1495CD0003E02E /* Util.swift */; };
		276AD5992A24F11500777A42 /* NumberOnlyViewModifier.swift in Sources */ = {isa = PBXBuildFile; fileRef = 276AD5982A24F11500777A42 /* NumberOnlyViewModifier.swift */; };
		27DB69722A15AC19009BD4D1 /* RealTimeCurrencyView.swift in Sources */ = {isa = PBXBuildFile; fileRef = 27DB69712A15AC19009BD4D1 /* RealTimeCurrencyView.swift */; };
		27DB69742A15DE00009BD4D1 /* DailyCurrencyView.swift in Sources */ = {isa = PBXBuildFile; fileRef = 27DB69732A15DE00009BD4D1 /* DailyCurrencyView.swift */; };
		27DB697B2A160C88009BD4D1 /* DailyCurrencyViewModel.swift in Sources */ = {isa = PBXBuildFile; fileRef = 27DB697A2A160C88009BD4D1 /* DailyCurrencyViewModel.swift */; };
		27DB697D2A17749C009BD4D1 /* RealTimeCurrencyViewModel.swift in Sources */ = {isa = PBXBuildFile; fileRef = 27DB697C2A17749C009BD4D1 /* RealTimeCurrencyViewModel.swift */; };
		27DB697F2A178AB5009BD4D1 /* Date+Extension.swift in Sources */ = {isa = PBXBuildFile; fileRef = 27DB697E2A178AB5009BD4D1 /* Date+Extension.swift */; };
		27DB69822A191776009BD4D1 /* String+Extension.swift in Sources */ = {isa = PBXBuildFile; fileRef = 27DB69812A191776009BD4D1 /* String+Extension.swift */; };
		27DBB8092A21FC2000627F9B /* InputMoneyView.swift in Sources */ = {isa = PBXBuildFile; fileRef = 27DBB8082A21FC2000627F9B /* InputMoneyView.swift */; };
/* End PBXBuildFile section */

/* Begin PBXFileReference section */
		2724DA4D2A1F52E900A9E1D7 /* RTCurrencyItemView.swift */ = {isa = PBXFileReference; lastKnownFileType = sourcecode.swift; path = RTCurrencyItemView.swift; sourceTree = "<group>"; };
		2725CEEA2A1383660003E02E /* PriceWatch.app */ = {isa = PBXFileReference; explicitFileType = wrapper.application; includeInIndex = 0; path = PriceWatch.app; sourceTree = BUILT_PRODUCTS_DIR; };
		2725CEED2A1383660003E02E /* PriceWatchApp.swift */ = {isa = PBXFileReference; lastKnownFileType = sourcecode.swift; path = PriceWatchApp.swift; sourceTree = "<group>"; };
		2725CEEF2A1383660003E02E /* MainView.swift */ = {isa = PBXFileReference; lastKnownFileType = sourcecode.swift; path = MainView.swift; sourceTree = "<group>"; };
		2725CEF12A1383670003E02E /* Assets.xcassets */ = {isa = PBXFileReference; lastKnownFileType = folder.assetcatalog; path = Assets.xcassets; sourceTree = "<group>"; };
		2725CEF42A1383670003E02E /* Preview Assets.xcassets */ = {isa = PBXFileReference; lastKnownFileType = folder.assetcatalog; path = "Preview Assets.xcassets"; sourceTree = "<group>"; };
		2725CEFE2A1494310003E02E /* DataModel.swift */ = {isa = PBXFileReference; lastKnownFileType = sourcecode.swift; path = DataModel.swift; sourceTree = "<group>"; };
		2725CF002A1494780003E02E /* Service.swift */ = {isa = PBXFileReference; lastKnownFileType = sourcecode.swift; path = Service.swift; sourceTree = "<group>"; };
		2725CF022A1494E10003E02E /* PriceWatch.entitlements */ = {isa = PBXFileReference; lastKnownFileType = text.plist.entitlements; path = PriceWatch.entitlements; sourceTree = "<group>"; };
		2725CF032A1495360003E02E /* Constant.swift */ = {isa = PBXFileReference; lastKnownFileType = sourcecode.swift; path = Constant.swift; sourceTree = "<group>"; };
		2725CF052A1495CD0003E02E /* Util.swift */ = {isa = PBXFileReference; lastKnownFileType = sourcecode.swift; path = Util.swift; sourceTree = "<group>"; };
		276AD5982A24F11500777A42 /* NumberOnlyViewModifier.swift */ = {isa = PBXFileReference; lastKnownFileType = sourcecode.swift; path = NumberOnlyViewModifier.swift; sourceTree = "<group>"; };
		27DB69712A15AC19009BD4D1 /* RealTimeCurrencyView.swift */ = {isa = PBXFileReference; lastKnownFileType = sourcecode.swift; path = RealTimeCurrencyView.swift; sourceTree = "<group>"; };
		27DB69732A15DE00009BD4D1 /* DailyCurrencyView.swift */ = {isa = PBXFileReference; lastKnownFileType = sourcecode.swift; path = DailyCurrencyView.swift; sourceTree = "<group>"; };
		27DB697A2A160C88009BD4D1 /* DailyCurrencyViewModel.swift */ = {isa = PBXFileReference; lastKnownFileType = sourcecode.swift; path = DailyCurrencyViewModel.swift; sourceTree = "<group>"; };
		27DB697C2A17749C009BD4D1 /* RealTimeCurrencyViewModel.swift */ = {isa = PBXFileReference; lastKnownFileType = sourcecode.swift; path = RealTimeCurrencyViewModel.swift; sourceTree = "<group>"; };
		27DB697E2A178AB5009BD4D1 /* Date+Extension.swift */ = {isa = PBXFileReference; lastKnownFileType = sourcecode.swift; path = "Date+Extension.swift"; sourceTree = "<group>"; };
		27DB69812A191776009BD4D1 /* String+Extension.swift */ = {isa = PBXFileReference; lastKnownFileType = sourcecode.swift; path = "String+Extension.swift"; sourceTree = "<group>"; };
		27DBB8082A21FC2000627F9B /* InputMoneyView.swift */ = {isa = PBXFileReference; lastKnownFileType = sourcecode.swift; path = InputMoneyView.swift; sourceTree = "<group>"; };
/* End PBXFileReference section */

/* Begin PBXFrameworksBuildPhase section */
		2725CEE72A1383660003E02E /* Frameworks */ = {
			isa = PBXFrameworksBuildPhase;
			buildActionMask = 2147483647;
			files = (
				2725CEFD2A138BA80003E02E /* SwiftSoup in Frameworks */,
			);
			runOnlyForDeploymentPostprocessing = 0;
		};
/* End PBXFrameworksBuildPhase section */

/* Begin PBXGroup section */
		2725CEE12A1383660003E02E = {
			isa = PBXGroup;
			children = (
				2725CEEC2A1383660003E02E /* PriceWatch */,
				2725CEEB2A1383660003E02E /* Products */,
			);
			sourceTree = "<group>";
		};
		2725CEEB2A1383660003E02E /* Products */ = {
			isa = PBXGroup;
			children = (
				2725CEEA2A1383660003E02E /* PriceWatch.app */,
			);
			name = Products;
			sourceTree = "<group>";
		};
		2725CEEC2A1383660003E02E /* PriceWatch */ = {
			isa = PBXGroup;
			children = (
				276AD5972A24F0F800777A42 /* ViewModifier */,
				2725CEED2A1383660003E02E /* PriceWatchApp.swift */,
				27DB69802A178ABE009BD4D1 /* Extensions */,
				27DB69772A160B08009BD4D1 /* VIEWMODEL */,
				27DB69762A160B01009BD4D1 /* MODEL */,
				27DB69752A160AFA009BD4D1 /* VIEW */,
				2725CF022A1494E10003E02E /* PriceWatch.entitlements */,
				2725CF052A1495CD0003E02E /* Util.swift */,
				2725CEF12A1383670003E02E /* Assets.xcassets */,
				2725CEF32A1383670003E02E /* Preview Content */,
			);
			path = PriceWatch;
			sourceTree = "<group>";
		};
		2725CEF32A1383670003E02E /* Preview Content */ = {
			isa = PBXGroup;
			children = (
				2725CEF42A1383670003E02E /* Preview Assets.xcassets */,
			);
			path = "Preview Content";
			sourceTree = "<group>";
		};
		276AD5972A24F0F800777A42 /* ViewModifier */ = {
			isa = PBXGroup;
			children = (
				276AD5982A24F11500777A42 /* NumberOnlyViewModifier.swift */,
			);
			path = ViewModifier;
			sourceTree = "<group>";
		};
		27DB69752A160AFA009BD4D1 /* VIEW */ = {
			isa = PBXGroup;
			children = (
				2725CEEF2A1383660003E02E /* MainView.swift */,
				27DB69732A15DE00009BD4D1 /* DailyCurrencyView.swift */,
				27DB69712A15AC19009BD4D1 /* RealTimeCurrencyView.swift */,
				2724DA4D2A1F52E900A9E1D7 /* RTCurrencyItemView.swift */,
				27DBB8082A21FC2000627F9B /* InputMoneyView.swift */,
			);
			path = VIEW;
			sourceTree = "<group>";
		};
		27DB69762A160B01009BD4D1 /* MODEL */ = {
			isa = PBXGroup;
			children = (
				2725CF002A1494780003E02E /* Service.swift */,
				2725CEFE2A1494310003E02E /* DataModel.swift */,
				2725CF032A1495360003E02E /* Constant.swift */,
			);
			path = MODEL;
			sourceTree = "<group>";
		};
		27DB69772A160B08009BD4D1 /* VIEWMODEL */ = {
			isa = PBXGroup;
			children = (
				27DB697A2A160C88009BD4D1 /* DailyCurrencyViewModel.swift */,
				27DB697C2A17749C009BD4D1 /* RealTimeCurrencyViewModel.swift */,
			);
			path = VIEWMODEL;
			sourceTree = "<group>";
		};
		27DB69802A178ABE009BD4D1 /* Extensions */ = {
			isa = PBXGroup;
			children = (
				27DB697E2A178AB5009BD4D1 /* Date+Extension.swift */,
				27DB69812A191776009BD4D1 /* String+Extension.swift */,
			);
			path = Extensions;
			sourceTree = "<group>";
		};
/* End PBXGroup section */

/* Begin PBXNativeTarget section */
		2725CEE92A1383660003E02E /* PriceWatch */ = {
			isa = PBXNativeTarget;
			buildConfigurationList = 2725CEF82A1383670003E02E /* Build configuration list for PBXNativeTarget "PriceWatch" */;
			buildPhases = (
				2725CEE62A1383660003E02E /* Sources */,
				2725CEE72A1383660003E02E /* Frameworks */,
				2725CEE82A1383660003E02E /* Resources */,
			);
			buildRules = (
			);
			dependencies = (
			);
			name = PriceWatch;
			packageProductDependencies = (
				2725CEFC2A138BA80003E02E /* SwiftSoup */,
			);
			productName = PriceWatch;
			productReference = 2725CEEA2A1383660003E02E /* PriceWatch.app */;
			productType = "com.apple.product-type.application";
		};
/* End PBXNativeTarget section */

/* Begin PBXProject section */
		2725CEE22A1383660003E02E /* Project object */ = {
			isa = PBXProject;
			attributes = {
				BuildIndependentTargetsInParallel = 1;
				LastSwiftUpdateCheck = 1430;
				LastUpgradeCheck = 1430;
				TargetAttributes = {
					2725CEE92A1383660003E02E = {
						CreatedOnToolsVersion = 14.3;
					};
				};
			};
			buildConfigurationList = 2725CEE52A1383660003E02E /* Build configuration list for PBXProject "PriceWatch" */;
			compatibilityVersion = "Xcode 14.0";
			developmentRegion = en;
			hasScannedForEncodings = 0;
			knownRegions = (
				en,
				Base,
			);
			mainGroup = 2725CEE12A1383660003E02E;
			packageReferences = (
				2725CEFB2A138BA80003E02E /* XCRemoteSwiftPackageReference "SwiftSoup" */,
			);
			productRefGroup = 2725CEEB2A1383660003E02E /* Products */;
			projectDirPath = "";
			projectRoot = "";
			targets = (
				2725CEE92A1383660003E02E /* PriceWatch */,
			);
		};
/* End PBXProject section */

/* Begin PBXResourcesBuildPhase section */
		2725CEE82A1383660003E02E /* Resources */ = {
			isa = PBXResourcesBuildPhase;
			buildActionMask = 2147483647;
			files = (
				2725CEF52A1383670003E02E /* Preview Assets.xcassets in Resources */,
				2725CEF22A1383670003E02E /* Assets.xcassets in Resources */,
			);
			runOnlyForDeploymentPostprocessing = 0;
		};
/* End PBXResourcesBuildPhase section */

/* Begin PBXSourcesBuildPhase section */
		2725CEE62A1383660003E02E /* Sources */ = {
			isa = PBXSourcesBuildPhase;
			buildActionMask = 2147483647;
			files = (
				276AD5992A24F11500777A42 /* NumberOnlyViewModifier.swift in Sources */,
				2724DA4E2A1F52E900A9E1D7 /* RTCurrencyItemView.swift in Sources */,
				27DB69722A15AC19009BD4D1 /* RealTimeCurrencyView.swift in Sources */,
				27DBB8092A21FC2000627F9B /* InputMoneyView.swift in Sources */,
				27DB697F2A178AB5009BD4D1 /* Date+Extension.swift in Sources */,
				2725CEF02A1383660003E02E /* MainView.swift in Sources */,
				27DB697B2A160C88009BD4D1 /* DailyCurrencyViewModel.swift in Sources */,
				27DB69822A191776009BD4D1 /* String+Extension.swift in Sources */,
				2725CF062A1495CD0003E02E /* Util.swift in Sources */,
				27DB697D2A17749C009BD4D1 /* RealTimeCurrencyViewModel.swift in Sources */,
				27DB69742A15DE00009BD4D1 /* DailyCurrencyView.swift in Sources */,
				2725CF012A1494780003E02E /* Service.swift in Sources */,
				2725CF042A1495360003E02E /* Constant.swift in Sources */,
				2725CEEE2A1383660003E02E /* PriceWatchApp.swift in Sources */,
				2725CEFF2A1494310003E02E /* DataModel.swift in Sources */,
			);
			runOnlyForDeploymentPostprocessing = 0;
		};
/* End PBXSourcesBuildPhase section */

/* Begin XCBuildConfiguration section */
		2725CEF62A1383670003E02E /* Debug */ = {
			isa = XCBuildConfiguration;
			buildSettings = {
				ALWAYS_SEARCH_USER_PATHS = NO;
				CLANG_ANALYZER_NONNULL = YES;
				CLANG_ANALYZER_NUMBER_OBJECT_CONVERSION = YES_AGGRESSIVE;
				CLANG_CXX_LANGUAGE_STANDARD = "gnu++20";
				CLANG_ENABLE_MODULES = YES;
				CLANG_ENABLE_OBJC_ARC = YES;
				CLANG_ENABLE_OBJC_WEAK = YES;
				CLANG_WARN_BLOCK_CAPTURE_AUTORELEASING = YES;
				CLANG_WARN_BOOL_CONVERSION = YES;
				CLANG_WARN_COMMA = YES;
				CLANG_WARN_CONSTANT_CONVERSION = YES;
				CLANG_WARN_DEPRECATED_OBJC_IMPLEMENTATIONS = YES;
				CLANG_WARN_DIRECT_OBJC_ISA_USAGE = YES_ERROR;
				CLANG_WARN_DOCUMENTATION_COMMENTS = YES;
				CLANG_WARN_EMPTY_BODY = YES;
				CLANG_WARN_ENUM_CONVERSION = YES;
				CLANG_WARN_INFINITE_RECURSION = YES;
				CLANG_WARN_INT_CONVERSION = YES;
				CLANG_WARN_NON_LITERAL_NULL_CONVERSION = YES;
				CLANG_WARN_OBJC_IMPLICIT_RETAIN_SELF = YES;
				CLANG_WARN_OBJC_LITERAL_CONVERSION = YES;
				CLANG_WARN_OBJC_ROOT_CLASS = YES_ERROR;
				CLANG_WARN_QUOTED_INCLUDE_IN_FRAMEWORK_HEADER = YES;
				CLANG_WARN_RANGE_LOOP_ANALYSIS = YES;
				CLANG_WARN_STRICT_PROTOTYPES = YES;
				CLANG_WARN_SUSPICIOUS_MOVE = YES;
				CLANG_WARN_UNGUARDED_AVAILABILITY = YES_AGGRESSIVE;
				CLANG_WARN_UNREACHABLE_CODE = YES;
				CLANG_WARN__DUPLICATE_METHOD_MATCH = YES;
				COPY_PHASE_STRIP = NO;
				DEBUG_INFORMATION_FORMAT = dwarf;
				ENABLE_STRICT_OBJC_MSGSEND = YES;
				ENABLE_TESTABILITY = YES;
				GCC_C_LANGUAGE_STANDARD = gnu11;
				GCC_DYNAMIC_NO_PIC = NO;
				GCC_NO_COMMON_BLOCKS = YES;
				GCC_OPTIMIZATION_LEVEL = 0;
				GCC_PREPROCESSOR_DEFINITIONS = (
					"DEBUG=1",
					"$(inherited)",
				);
				GCC_WARN_64_TO_32_BIT_CONVERSION = YES;
				GCC_WARN_ABOUT_RETURN_TYPE = YES_ERROR;
				GCC_WARN_UNDECLARED_SELECTOR = YES;
				GCC_WARN_UNINITIALIZED_AUTOS = YES_AGGRESSIVE;
				GCC_WARN_UNUSED_FUNCTION = YES;
				GCC_WARN_UNUSED_VARIABLE = YES;
				IPHONEOS_DEPLOYMENT_TARGET = 16.4;
				MTL_ENABLE_DEBUG_INFO = INCLUDE_SOURCE;
				MTL_FAST_MATH = YES;
				ONLY_ACTIVE_ARCH = YES;
				SDKROOT = iphoneos;
				SWIFT_ACTIVE_COMPILATION_CONDITIONS = DEBUG;
				SWIFT_OPTIMIZATION_LEVEL = "-Onone";
			};
			name = Debug;
		};
		2725CEF72A1383670003E02E /* Release */ = {
			isa = XCBuildConfiguration;
			buildSettings = {
				ALWAYS_SEARCH_USER_PATHS = NO;
				CLANG_ANALYZER_NONNULL = YES;
				CLANG_ANALYZER_NUMBER_OBJECT_CONVERSION = YES_AGGRESSIVE;
				CLANG_CXX_LANGUAGE_STANDARD = "gnu++20";
				CLANG_ENABLE_MODULES = YES;
				CLANG_ENABLE_OBJC_ARC = YES;
				CLANG_ENABLE_OBJC_WEAK = YES;
				CLANG_WARN_BLOCK_CAPTURE_AUTORELEASING = YES;
				CLANG_WARN_BOOL_CONVERSION = YES;
				CLANG_WARN_COMMA = YES;
				CLANG_WARN_CONSTANT_CONVERSION = YES;
				CLANG_WARN_DEPRECATED_OBJC_IMPLEMENTATIONS = YES;
				CLANG_WARN_DIRECT_OBJC_ISA_USAGE = YES_ERROR;
				CLANG_WARN_DOCUMENTATION_COMMENTS = YES;
				CLANG_WARN_EMPTY_BODY = YES;
				CLANG_WARN_ENUM_CONVERSION = YES;
				CLANG_WARN_INFINITE_RECURSION = YES;
				CLANG_WARN_INT_CONVERSION = YES;
				CLANG_WARN_NON_LITERAL_NULL_CONVERSION = YES;
				CLANG_WARN_OBJC_IMPLICIT_RETAIN_SELF = YES;
				CLANG_WARN_OBJC_LITERAL_CONVERSION = YES;
				CLANG_WARN_OBJC_ROOT_CLASS = YES_ERROR;
				CLANG_WARN_QUOTED_INCLUDE_IN_FRAMEWORK_HEADER = YES;
				CLANG_WARN_RANGE_LOOP_ANALYSIS = YES;
				CLANG_WARN_STRICT_PROTOTYPES = YES;
				CLANG_WARN_SUSPICIOUS_MOVE = YES;
				CLANG_WARN_UNGUARDED_AVAILABILITY = YES_AGGRESSIVE;
				CLANG_WARN_UNREACHABLE_CODE = YES;
				CLANG_WARN__DUPLICATE_METHOD_MATCH = YES;
				COPY_PHASE_STRIP = NO;
				DEBUG_INFORMATION_FORMAT = "dwarf-with-dsym";
				ENABLE_NS_ASSERTIONS = NO;
				ENABLE_STRICT_OBJC_MSGSEND = YES;
				GCC_C_LANGUAGE_STANDARD = gnu11;
				GCC_NO_COMMON_BLOCKS = YES;
				GCC_WARN_64_TO_32_BIT_CONVERSION = YES;
				GCC_WARN_ABOUT_RETURN_TYPE = YES_ERROR;
				GCC_WARN_UNDECLARED_SELECTOR = YES;
				GCC_WARN_UNINITIALIZED_AUTOS = YES_AGGRESSIVE;
				GCC_WARN_UNUSED_FUNCTION = YES;
				GCC_WARN_UNUSED_VARIABLE = YES;
				IPHONEOS_DEPLOYMENT_TARGET = 16.4;
				MTL_ENABLE_DEBUG_INFO = NO;
				MTL_FAST_MATH = YES;
				SDKROOT = iphoneos;
				SWIFT_COMPILATION_MODE = wholemodule;
				SWIFT_OPTIMIZATION_LEVEL = "-O";
				VALIDATE_PRODUCT = YES;
			};
			name = Release;
		};
		2725CEF92A1383670003E02E /* Debug */ = {
			isa = XCBuildConfiguration;
			buildSettings = {
				ASSETCATALOG_COMPILER_APPICON_NAME = AppIcon;
				ASSETCATALOG_COMPILER_GLOBAL_ACCENT_COLOR_NAME = AccentColor;
				CODE_SIGN_ENTITLEMENTS = PriceWatch/PriceWatch.entitlements;
				CODE_SIGN_STYLE = Automatic;
				CURRENT_PROJECT_VERSION = 1;
				DEVELOPMENT_ASSET_PATHS = "\"PriceWatch/Preview Content\"";
				DEVELOPMENT_TEAM = L43KX6QVVV;
				ENABLE_PREVIEWS = YES;
				GENERATE_INFOPLIST_FILE = YES;
				INFOPLIST_KEY_UIApplicationSceneManifest_Generation = YES;
				INFOPLIST_KEY_UIApplicationSupportsIndirectInputEvents = YES;
				INFOPLIST_KEY_UILaunchScreen_Generation = YES;
				INFOPLIST_KEY_UISupportedInterfaceOrientations_iPad = "UIInterfaceOrientationPortrait UIInterfaceOrientationPortraitUpsideDown UIInterfaceOrientationLandscapeLeft UIInterfaceOrientationLandscapeRight";
				INFOPLIST_KEY_UISupportedInterfaceOrientations_iPhone = "UIInterfaceOrientationPortrait UIInterfaceOrientationLandscapeLeft UIInterfaceOrientationLandscapeRight";
				IPHONEOS_DEPLOYMENT_TARGET = 16.3;
				LD_RUNPATH_SEARCH_PATHS = (
					"$(inherited)",
					"@executable_path/Frameworks",
				);
				MARKETING_VERSION = 1.0;
				PRODUCT_BUNDLE_IDENTIFIER = com.cnwang.PriceWatch;
				PRODUCT_NAME = "$(TARGET_NAME)";
				SWIFT_EMIT_LOC_STRINGS = YES;
				SWIFT_VERSION = 5.0;
				TARGETED_DEVICE_FAMILY = "1,2";
			};
			name = Debug;
		};
		2725CEFA2A1383670003E02E /* Release */ = {
			isa = XCBuildConfiguration;
			buildSettings = {
				ASSETCATALOG_COMPILER_APPICON_NAME = AppIcon;
				ASSETCATALOG_COMPILER_GLOBAL_ACCENT_COLOR_NAME = AccentColor;
				CODE_SIGN_ENTITLEMENTS = PriceWatch/PriceWatch.entitlements;
				CODE_SIGN_STYLE = Automatic;
				CURRENT_PROJECT_VERSION = 1;
				DEVELOPMENT_ASSET_PATHS = "\"PriceWatch/Preview Content\"";
				DEVELOPMENT_TEAM = L43KX6QVVV;
				ENABLE_PREVIEWS = YES;
				GENERATE_INFOPLIST_FILE = YES;
				INFOPLIST_KEY_UIApplicationSceneManifest_Generation = YES;
				INFOPLIST_KEY_UIApplicationSupportsIndirectInputEvents = YES;
				INFOPLIST_KEY_UILaunchScreen_Generation = YES;
				INFOPLIST_KEY_UISupportedInterfaceOrientations_iPad = "UIInterfaceOrientationPortrait UIInterfaceOrientationPortraitUpsideDown UIInterfaceOrientationLandscapeLeft UIInterfaceOrientationLandscapeRight";
				INFOPLIST_KEY_UISupportedInterfaceOrientations_iPhone = "UIInterfaceOrientationPortrait UIInterfaceOrientationLandscapeLeft UIInterfaceOrientationLandscapeRight";
				IPHONEOS_DEPLOYMENT_TARGET = 16.3;
				LD_RUNPATH_SEARCH_PATHS = (
					"$(inherited)",
					"@executable_path/Frameworks",
				);
				MARKETING_VERSION = 1.0;
				PRODUCT_BUNDLE_IDENTIFIER = com.cnwang.PriceWatch;
				PRODUCT_NAME = "$(TARGET_NAME)";
				SWIFT_EMIT_LOC_STRINGS = YES;
				SWIFT_VERSION = 5.0;
				TARGETED_DEVICE_FAMILY = "1,2";
			};
			name = Release;
		};
/* End XCBuildConfiguration section */

/* Begin XCConfigurationList section */
		2725CEE52A1383660003E02E /* Build configuration list for PBXProject "PriceWatch" */ = {
			isa = XCConfigurationList;
			buildConfigurations = (
				2725CEF62A1383670003E02E /* Debug */,
				2725CEF72A1383670003E02E /* Release */,
			);
			defaultConfigurationIsVisible = 0;
			defaultConfigurationName = Release;
		};
		2725CEF82A1383670003E02E /* Build configuration list for PBXNativeTarget "PriceWatch" */ = {
			isa = XCConfigurationList;
			buildConfigurations = (
				2725CEF92A1383670003E02E /* Debug */,
				2725CEFA2A1383670003E02E /* Release */,
			);
			defaultConfigurationIsVisible = 0;
			defaultConfigurationName = Release;
		};
/* End XCConfigurationList section */

/* Begin XCRemoteSwiftPackageReference section */
		2725CEFB2A138BA80003E02E /* XCRemoteSwiftPackageReference "SwiftSoup" */ = {
			isa = XCRemoteSwiftPackageReference;
			repositoryURL = "https://github.com/scinfu/SwiftSoup.git";
			requirement = {
				kind = upToNextMinorVersion;
				minimumVersion = 2.6.0;
			};
		};
/* End XCRemoteSwiftPackageReference section */

/* Begin XCSwiftPackageProductDependency section */
		2725CEFC2A138BA80003E02E /* SwiftSoup */ = {
			isa = XCSwiftPackageProductDependency;
			package = 2725CEFB2A138BA80003E02E /* XCRemoteSwiftPackageReference "SwiftSoup" */;
			productName = SwiftSoup;
		};
/* End XCSwiftPackageProductDependency section */
	};
	rootObject = 2725CEE22A1383660003E02E /* Project object */;
}
